// !$*UTF8*$!
{
	archiveVersion = 1;
	classes = {
	};
	objectVersion = 77;
	objects = {

/* Begin PBXContainerItemProxy section */
		071159C22CE6541E00D533B9 /* PBXContainerItemProxy */ = {
			isa = PBXContainerItemProxy;
			containerPortal = 071159A32CE6541C00D533B9 /* Project object */;
			proxyType = 1;
			remoteGlobalIDString = 071159AA2CE6541C00D533B9;
			remoteInfo = "Quiz App";
		};
		071159CC2CE6541E00D533B9 /* PBXContainerItemProxy */ = {
			isa = PBXContainerItemProxy;
			containerPortal = 071159A32CE6541C00D533B9 /* Project object */;
			proxyType = 1;
			remoteGlobalIDString = 071159AA2CE6541C00D533B9;
			remoteInfo = "Quiz App";
		};
/* End PBXContainerItemProxy section */

/* Begin PBXFileReference section */
		071159AB2CE6541C00D533B9 /* Quiz App.app */ = {isa = PBXFileReference; explicitFileType = wrapper.application; includeInIndex = 0; path = "Quiz App.app"; sourceTree = BUILT_PRODUCTS_DIR; };
		071159C12CE6541E00D533B9 /* Quiz AppTests.xctest */ = {isa = PBXFileReference; explicitFileType = wrapper.cfbundle; includeInIndex = 0; path = "Quiz AppTests.xctest"; sourceTree = BUILT_PRODUCTS_DIR; };
		071159CB2CE6541E00D533B9 /* Quiz AppUITests.xctest */ = {isa = PBXFileReference; explicitFileType = wrapper.cfbundle; includeInIndex = 0; path = "Quiz AppUITests.xctest"; sourceTree = BUILT_PRODUCTS_DIR; };
/* End PBXFileReference section */

/* Begin PBXFileSystemSynchronizedBuildFileExceptionSet section */
		071159D32CE6541E00D533B9 /* Exceptions for "Quiz App" folder in "Quiz App" target */ = {
			isa = PBXFileSystemSynchronizedBuildFileExceptionSet;
			membershipExceptions = (
				Info.plist,
			);
			target = 071159AA2CE6541C00D533B9 /* Quiz App */;
		};
/* End PBXFileSystemSynchronizedBuildFileExceptionSet section */

/* Begin PBXFileSystemSynchronizedRootGroup section */
		071159AD2CE6541C00D533B9 /* Quiz App */ = {
			isa = PBXFileSystemSynchronizedRootGroup;
			exceptions = (
				071159D32CE6541E00D533B9 /* Exceptions for "Quiz App" folder in "Quiz App" target */,
			);
			path = "Quiz App";
			sourceTree = "<group>";
		};
		071159C42CE6541E00D533B9 /* Quiz AppTests */ = {
			isa = PBXFileSystemSynchronizedRootGroup;
			path = "Quiz AppTests";
			sourceTree = "<group>";
		};
		071159CE2CE6541E00D533B9 /* Quiz AppUITests */ = {
			isa = PBXFileSystemSynchronizedRootGroup;
			path = "Quiz AppUITests";
			sourceTree = "<group>";
		};
/* End PBXFileSystemSynchronizedRootGroup section */

/* Begin PBXFrameworksBuildPhase section */
		071159A82CE6541C00D533B9 /* Frameworks */ = {
			isa = PBXFrameworksBuildPhase;
			buildActionMask = 2147483647;
			files = (
			);
			runOnlyForDeploymentPostprocessing = 0;
		};
		071159BE2CE6541E00D533B9 /* Frameworks */ = {
			isa = PBXFrameworksBuildPhase;
			buildActionMask = 2147483647;
			files = (
			);
			runOnlyForDeploymentPostprocessing = 0;
		};
		071159C82CE6541E00D533B9 /* Frameworks */ = {
			isa = PBXFrameworksBuildPhase;
			buildActionMask = 2147483647;
			files = (
			);
			runOnlyForDeploymentPostprocessing = 0;
		};
/* End PBXFrameworksBuildPhase section */

/* Begin PBXGroup section */
		071159A22CE6541C00D533B9 = {
			isa = PBXGroup;
			children = (
				071159AD2CE6541C00D533B9 /* Quiz App */,
				071159C42CE6541E00D533B9 /* Quiz AppTests */,
				071159CE2CE6541E00D533B9 /* Quiz AppUITests */,
				071159AC2CE6541C00D533B9 /* Products */,
			);
			sourceTree = "<group>";
		};
		071159AC2CE6541C00D533B9 /* Products */ = {
			isa = PBXGroup;
			children = (
				071159AB2CE6541C00D533B9 /* Quiz App.app */,
				071159C12CE6541E00D533B9 /* Quiz AppTests.xctest */,
				071159CB2CE6541E00D533B9 /* Quiz AppUITests.xctest */,
			);
			name = Products;
			sourceTree = "<group>";
		};
/* End PBXGroup section */

/* Begin PBXNativeTarget section */
		071159AA2CE6541C00D533B9 /* Quiz App */ = {
			isa = PBXNativeTarget;
			buildConfigurationList = 071159D42CE6541E00D533B9 /* Build configuration list for PBXNativeTarget "Quiz App" */;
			buildPhases = (
				071159A72CE6541C00D533B9 /* Sources */,
				071159A82CE6541C00D533B9 /* Frameworks */,
				071159A92CE6541C00D533B9 /* Resources */,
			);
			buildRules = (
			);
			dependencies = (
			);
			fileSystemSynchronizedGroups = (
				071159AD2CE6541C00D533B9 /* Quiz App */,
			);
			name = "Quiz App";
			packageProductDependencies = (
			);
			productName = "Quiz App";
			productReference = 071159AB2CE6541C00D533B9 /* Quiz App.app */;
			productType = "com.apple.product-type.application";
		};
		071159C02CE6541E00D533B9 /* Quiz AppTests */ = {
			isa = PBXNativeTarget;
			buildConfigurationList = 071159D92CE6541E00D533B9 /* Build configuration list for PBXNativeTarget "Quiz AppTests" */;
			buildPhases = (
				071159BD2CE6541E00D533B9 /* Sources */,
				071159BE2CE6541E00D533B9 /* Frameworks */,
				071159BF2CE6541E00D533B9 /* Resources */,
			);
			buildRules = (
			);
			dependencies = (
				071159C32CE6541E00D533B9 /* PBXTargetDependency */,
			);
			fileSystemSynchronizedGroups = (
				071159C42CE6541E00D533B9 /* Quiz AppTests */,
			);
			name = "Quiz AppTests";
			packageProductDependencies = (
			);
			productName = "Quiz AppTests";
			productReference = 071159C12CE6541E00D533B9 /* Quiz AppTests.xctest */;
			productType = "com.apple.product-type.bundle.unit-test";
		};
		071159CA2CE6541E00D533B9 /* Quiz AppUITests */ = {
			isa = PBXNativeTarget;
			buildConfigurationList = 071159DC2CE6541E00D533B9 /* Build configuration list for PBXNativeTarget "Quiz AppUITests" */;
			buildPhases = (
				071159C72CE6541E00D533B9 /* Sources */,
				071159C82CE6541E00D533B9 /* Frameworks */,
				071159C92CE6541E00D533B9 /* Resources */,
			);
			buildRules = (
			);
			dependencies = (
				071159CD2CE6541E00D533B9 /* PBXTargetDependency */,
			);
			fileSystemSynchronizedGroups = (
				071159CE2CE6541E00D533B9 /* Quiz AppUITests */,
			);
			name = "Quiz AppUITests";
			packageProductDependencies = (
			);
			productName = "Quiz AppUITests";
			productReference = 071159CB2CE6541E00D533B9 /* Quiz AppUITests.xctest */;
			productType = "com.apple.product-type.bundle.ui-testing";
		};
/* End PBXNativeTarget section */

/* Begin PBXProject section */
		071159A32CE6541C00D533B9 /* Project object */ = {
			isa = PBXProject;
			attributes = {
				BuildIndependentTargetsInParallel = 1;
				LastSwiftUpdateCheck = 1610;
				LastUpgradeCheck = 1610;
				TargetAttributes = {
					071159AA2CE6541C00D533B9 = {
						CreatedOnToolsVersion = 16.1;
					};
					071159C02CE6541E00D533B9 = {
						CreatedOnToolsVersion = 16.1;
						TestTargetID = 071159AA2CE6541C00D533B9;
					};
					071159CA2CE6541E00D533B9 = {
						CreatedOnToolsVersion = 16.1;
						TestTargetID = 071159AA2CE6541C00D533B9;
					};
				};
			};
			buildConfigurationList = 071159A62CE6541C00D533B9 /* Build configuration list for PBXProject "Quiz App" */;
			developmentRegion = en;
			hasScannedForEncodings = 0;
			knownRegions = (
				en,
				Base,
			);
			mainGroup = 071159A22CE6541C00D533B9;
			minimizedProjectReferenceProxies = 1;
			preferredProjectObjectVersion = 77;
			productRefGroup = 071159AC2CE6541C00D533B9 /* Products */;
			projectDirPath = "";
			projectRoot = "";
			targets = (
				071159AA2CE6541C00D533B9 /* Quiz App */,
				071159C02CE6541E00D533B9 /* Quiz AppTests */,
				071159CA2CE6541E00D533B9 /* Quiz AppUITests */,
			);
		};
/* End PBXProject section */

/* Begin PBXResourcesBuildPhase section */
		071159A92CE6541C00D533B9 /* Resources */ = {
			isa = PBXResourcesBuildPhase;
			buildActionMask = 2147483647;
			files = (
			);
			runOnlyForDeploymentPostprocessing = 0;
		};
		071159BF2CE6541E00D533B9 /* Resources */ = {
			isa = PBXResourcesBuildPhase;
			buildActionMask = 2147483647;
			files = (
			);
			runOnlyForDeploymentPostprocessing = 0;
		};
		071159C92CE6541E00D533B9 /* Resources */ = {
			isa = PBXResourcesBuildPhase;
			buildActionMask = 2147483647;
			files = (
			);
			runOnlyForDeploymentPostprocessing = 0;
		};
/* End PBXResourcesBuildPhase section */

/* Begin PBXSourcesBuildPhase section */
		071159A72CE6541C00D533B9 /* Sources */ = {
			isa = PBXSourcesBuildPhase;
			buildActionMask = 2147483647;
			files = (
			);
			runOnlyForDeploymentPostprocessing = 0;
		};
		071159BD2CE6541E00D533B9 /* Sources */ = {
			isa = PBXSourcesBuildPhase;
			buildActionMask = 2147483647;
			files = (
			);
			runOnlyForDeploymentPostprocessing = 0;
		};
		071159C72CE6541E00D533B9 /* Sources */ = {
			isa = PBXSourcesBuildPhase;
			buildActionMask = 2147483647;
			files = (
			);
			runOnlyForDeploymentPostprocessing = 0;
		};
/* End PBXSourcesBuildPhase section */

/* Begin PBXTargetDependency section */
		071159C32CE6541E00D533B9 /* PBXTargetDependency */ = {
			isa = PBXTargetDependency;
			target = 071159AA2CE6541C00D533B9 /* Quiz App */;
			targetProxy = 071159C22CE6541E00D533B9 /* PBXContainerItemProxy */;
		};
		071159CD2CE6541E00D533B9 /* PBXTargetDependency */ = {
			isa = PBXTargetDependency;
			target = 071159AA2CE6541C00D533B9 /* Quiz App */;
			targetProxy = 071159CC2CE6541E00D533B9 /* PBXContainerItemProxy */;
		};
/* End PBXTargetDependency section */

/* Begin XCBuildConfiguration section */
		071159D52CE6541E00D533B9 /* Debug */ = {
			isa = XCBuildConfiguration;
			buildSettings = {
				ASSETCATALOG_COMPILER_APPICON_NAME = AppIcon;
				ASSETCATALOG_COMPILER_GLOBAL_ACCENT_COLOR_NAME = AccentColor;
				CODE_SIGN_STYLE = Automatic;
				CURRENT_PROJECT_VERSION = 1;
				GENERATE_INFOPLIST_FILE = YES;
				INFOPLIST_FILE = "Quiz App/Info.plist";
				INFOPLIST_KEY_UIApplicationSupportsIndirectInputEvents = YES;
				INFOPLIST_KEY_UILaunchStoryboardName = LaunchScreen;
				INFOPLIST_KEY_UIMainStoryboardFile = Main;
				INFOPLIST_KEY_UISupportedInterfaceOrientations_iPad = "UIInterfaceOrientationPortrait UIInterfaceOrientationPortraitUpsideDown UIInterfaceOrientationLandscapeLeft UIInterfaceOrientationLandscapeRight";
				INFOPLIST_KEY_UISupportedInterfaceOrientations_iPhone = "UIInterfaceOrientationPortrait UIInterfaceOrientationLandscapeLeft UIInterfaceOrientationLandscapeRight";
				LD_RUNPATH_SEARCH_PATHS = (
					"$(inherited)",
					"@executable_path/Frameworks",
				);
				MARKETING_VERSION = 1.0;
				PRODUCT_BUNDLE_IDENTIFIER = "humber.ca.Quiz-App";
				PRODUCT_NAME = "$(TARGET_NAME)";
				SWIFT_EMIT_LOC_STRINGS = YES;
				SWIFT_VERSION = 5.0;
				TARGETED_DEVICE_FAMILY = "1,2";
			};
			name = Debug;
		};
		071159D62CE6541E00D533B9 /* Release */ = {
			isa = XCBuildConfiguration;
			buildSettings = {
				ASSETCATALOG_COMPILER_APPICON_NAME = AppIcon;
				ASSETCATALOG_COMPILER_GLOBAL_ACCENT_COLOR_NAME = AccentColor;
				CODE_SIGN_STYLE = Automatic;
				CURRENT_PROJECT_VERSION = 1;
				GENERATE_INFOPLIST_FILE = YES;
				INFOPLIST_FILE = "Quiz App/Info.plist";
				INFOPLIST_KEY_UIApplicationSupportsIndirectInputEvents = YES;
				INFOPLIST_KEY_UILaunchStoryboardName = LaunchScreen;
				INFOPLIST_KEY_UIMainStoryboardFile = Main;
				INFOPLIST_KEY_UISupportedInterfaceOrientations_iPad = "UIInterfaceOrientationPortrait UIInterfaceOrientationPortraitUpsideDown UIInterfaceOrientationLandscapeLeft UIInterfaceOrientationLandscapeRight";
				INFOPLIST_KEY_UISupportedInterfaceOrientations_iPhone = "UIInterfaceOrientationPortrait UIInterfaceOrientationLandscapeLeft UIInterfaceOrientationLandscapeRight";
				LD_RUNPATH_SEARCH_PATHS = (
					"$(inherited)",
					"@executable_path/Frameworks",
				);
				MARKETING_VERSION = 1.0;
				PRODUCT_BUNDLE_IDENTIFIER = "humber.ca.Quiz-App";
				PRODUCT_NAME = "$(TARGET_NAME)";
				SWIFT_EMIT_LOC_STRINGS = YES;
				SWIFT_VERSION = 5.0;
				TARGETED_DEVICE_FAMILY = "1,2";
			};
			name = Release;
		};
		071159D72CE6541E00D533B9 /* Debug */ = {
			isa = XCBuildConfiguration;
			buildSettings = {
				ALWAYS_SEARCH_USER_PATHS = NO;
				ASSETCATALOG_COMPILER_GENERATE_SWIFT_ASSET_SYMBOL_EXTENSIONS = YES;
				CLANG_ANALYZER_NONNULL = YES;
				CLANG_ANALYZER_NUMBER_OBJECT_CONVERSION = YES_AGGRESSIVE;
				CLANG_CXX_LANGUAGE_STANDARD = "gnu++20";
				CLANG_ENABLE_MODULES = YES;
				CLANG_ENABLE_OBJC_ARC = YES;
				CLANG_ENABLE_OBJC_WEAK = YES;
				CLANG_WARN_BLOCK_CAPTURE_AUTORELEASING = YES;
				CLANG_WARN_BOOL_CONVERSION = YES;
				CLANG_WARN_COMMA = YES;
				CLANG_WARN_CONSTANT_CONVERSION = YES;
				CLANG_WARN_DEPRECATED_OBJC_IMPLEMENTATIONS = YES;
				CLANG_WARN_DIRECT_OBJC_ISA_USAGE = YES_ERROR;
				CLANG_WARN_DOCUMENTATION_COMMENTS = YES;
				CLANG_WARN_EMPTY_BODY = YES;
				CLANG_WARN_ENUM_CONVERSION = YES;
				CLANG_WARN_INFINITE_RECURSION = YES;
				CLANG_WARN_INT_CONVERSION = YES;
				CLANG_WARN_NON_LITERAL_NULL_CONVERSION = YES;
				CLANG_WARN_OBJC_IMPLICIT_RETAIN_SELF = YES;
				CLANG_WARN_OBJC_LITERAL_CONVERSION = YES;
				CLANG_WARN_OBJC_ROOT_CLASS = YES_ERROR;
				CLANG_WARN_QUOTED_INCLUDE_IN_FRAMEWORK_HEADER = YES;
				CLANG_WARN_RANGE_LOOP_ANALYSIS = YES;
				CLANG_WARN_STRICT_PROTOTYPES = YES;
				CLANG_WARN_SUSPICIOUS_MOVE = YES;
				CLANG_WARN_UNGUARDED_AVAILABILITY = YES_AGGRESSIVE;
				CLANG_WARN_UNREACHABLE_CODE = YES;
				CLANG_WARN__DUPLICATE_METHOD_MATCH = YES;
				COPY_PHASE_STRIP = NO;
				DEBUG_INFORMATION_FORMAT = dwarf;
				ENABLE_STRICT_OBJC_MSGSEND = YES;
				ENABLE_TESTABILITY = YES;
				ENABLE_USER_SCRIPT_SANDBOXING = YES;
				GCC_C_LANGUAGE_STANDARD = gnu17;
				GCC_DYNAMIC_NO_PIC = NO;
				GCC_NO_COMMON_BLOCKS = YES;
				GCC_OPTIMIZATION_LEVEL = 0;
				GCC_PREPROCESSOR_DEFINITIONS = (
					"DEBUG=1",
					"$(inherited)",
				);
				GCC_WARN_64_TO_32_BIT_CONVERSION = YES;
				GCC_WARN_ABOUT_RETURN_TYPE = YES_ERROR;
				GCC_WARN_UNDECLARED_SELECTOR = YES;
				GCC_WARN_UNINITIALIZED_AUTOS = YES_AGGRESSIVE;
				GCC_WARN_UNUSED_FUNCTION = YES;
				GCC_WARN_UNUSED_VARIABLE = YES;
				IPHONEOS_DEPLOYMENT_TARGET = 18.1;
				LOCALIZATION_PREFERS_STRING_CATALOGS = YES;
				MTL_ENABLE_DEBUG_INFO = INCLUDE_SOURCE;
				MTL_FAST_MATH = YES;
				ONLY_ACTIVE_ARCH = YES;
				SDKROOT = iphoneos;
				SWIFT_ACTIVE_COMPILATION_CONDITIONS = "DEBUG $(inherited)";
				SWIFT_OPTIMIZATION_LEVEL = "-Onone";
			};
			name = Debug;
		};
		071159D82CE6541E00D533B9 /* Release */ = {
			isa = XCBuildConfiguration;
			buildSettings = {
				ALWAYS_SEARCH_USER_PATHS = NO;
				ASSETCATALOG_COMPILER_GENERATE_SWIFT_ASSET_SYMBOL_EXTENSIONS = YES;
				CLANG_ANALYZER_NONNULL = YES;
				CLANG_ANALYZER_NUMBER_OBJECT_CONVERSION = YES_AGGRESSIVE;
				CLANG_CXX_LANGUAGE_STANDARD = "gnu++20";
				CLANG_ENABLE_MODULES = YES;
				CLANG_ENABLE_OBJC_ARC = YES;
				CLANG_ENABLE_OBJC_WEAK = YES;
				CLANG_WARN_BLOCK_CAPTURE_AUTORELEASING = YES;
				CLANG_WARN_BOOL_CONVERSION = YES;
				CLANG_WARN_COMMA = YES;
				CLANG_WARN_CONSTANT_CONVERSION = YES;
				CLANG_WARN_DEPRECATED_OBJC_IMPLEMENTATIONS = YES;
				CLANG_WARN_DIRECT_OBJC_ISA_USAGE = YES_ERROR;
				CLANG_WARN_DOCUMENTATION_COMMENTS = YES;
				CLANG_WARN_EMPTY_BODY = YES;
				CLANG_WARN_ENUM_CONVERSION = YES;
				CLANG_WARN_INFINITE_RECURSION = YES;
				CLANG_WARN_INT_CONVERSION = YES;
				CLANG_WARN_NON_LITERAL_NULL_CONVERSION = YES;
				CLANG_WARN_OBJC_IMPLICIT_RETAIN_SELF = YES;
				CLANG_WARN_OBJC_LITERAL_CONVERSION = YES;
				CLANG_WARN_OBJC_ROOT_CLASS = YES_ERROR;
				CLANG_WARN_QUOTED_INCLUDE_IN_FRAMEWORK_HEADER = YES;
				CLANG_WARN_RANGE_LOOP_ANALYSIS = YES;
				CLANG_WARN_STRICT_PROTOTYPES = YES;
				CLANG_WARN_SUSPICIOUS_MOVE = YES;
				CLANG_WARN_UNGUARDED_AVAILABILITY = YES_AGGRESSIVE;
				CLANG_WARN_UNREACHABLE_CODE = YES;
				CLANG_WARN__DUPLICATE_METHOD_MATCH = YES;
				COPY_PHASE_STRIP = NO;
				DEBUG_INFORMATION_FORMAT = "dwarf-with-dsym";
				ENABLE_NS_ASSERTIONS = NO;
				ENABLE_STRICT_OBJC_MSGSEND = YES;
				ENABLE_USER_SCRIPT_SANDBOXING = YES;
				GCC_C_LANGUAGE_STANDARD = gnu17;
				GCC_NO_COMMON_BLOCKS = YES;
				GCC_WARN_64_TO_32_BIT_CONVERSION = YES;
				GCC_WARN_ABOUT_RETURN_TYPE = YES_ERROR;
				GCC_WARN_UNDECLARED_SELECTOR = YES;
				GCC_WARN_UNINITIALIZED_AUTOS = YES_AGGRESSIVE;
				GCC_WARN_UNUSED_FUNCTION = YES;
				GCC_WARN_UNUSED_VARIABLE = YES;
				IPHONEOS_DEPLOYMENT_TARGET = 18.1;
				LOCALIZATION_PREFERS_STRING_CATALOGS = YES;
				MTL_ENABLE_DEBUG_INFO = NO;
				MTL_FAST_MATH = YES;
				SDKROOT = iphoneos;
				SWIFT_COMPILATION_MODE = wholemodule;
				VALIDATE_PRODUCT = YES;
			};
			name = Release;
		};
		071159DA2CE6541E00D533B9 /* Debug */ = {
			isa = XCBuildConfiguration;
			buildSettings = {
				BUNDLE_LOADER = "$(TEST_HOST)";
				CODE_SIGN_STYLE = Automatic;
				CURRENT_PROJECT_VERSION = 1;
				GENERATE_INFOPLIST_FILE = YES;
				IPHONEOS_DEPLOYMENT_TARGET = 18.1;
				MARKETING_VERSION = 1.0;
				PRODUCT_BUNDLE_IDENTIFIER = "humber.ca.Quiz-AppTests";
				PRODUCT_NAME = "$(TARGET_NAME)";
				SWIFT_EMIT_LOC_STRINGS = NO;
				SWIFT_VERSION = 5.0;
				TARGETED_DEVICE_FAMILY = "1,2";
				TEST_HOST = "$(BUILT_PRODUCTS_DIR)/Quiz App.app/$(BUNDLE_EXECUTABLE_FOLDER_PATH)/Quiz App";
			};
			name = Debug;
		};
		071159DB2CE6541E00D533B9 /* Release */ = {
			isa = XCBuildConfiguration;
			buildSettings = {
				BUNDLE_LOADER = "$(TEST_HOST)";
				CODE_SIGN_STYLE = Automatic;
				CURRENT_PROJECT_VERSION = 1;
				GENERATE_INFOPLIST_FILE = YES;
				IPHONEOS_DEPLOYMENT_TARGET = 18.1;
				MARKETING_VERSION = 1.0;
				PRODUCT_BUNDLE_IDENTIFIER = "humber.ca.Quiz-AppTests";
				PRODUCT_NAME = "$(TARGET_NAME)";
				SWIFT_EMIT_LOC_STRINGS = NO;
				SWIFT_VERSION = 5.0;
				TARGETED_DEVICE_FAMILY = "1,2";
				TEST_HOST = "$(BUILT_PRODUCTS_DIR)/Quiz App.app/$(BUNDLE_EXECUTABLE_FOLDER_PATH)/Quiz App";
			};
			name = Release;
		};
		071159DD2CE6541E00D533B9 /* Debug */ = {
			isa = XCBuildConfiguration;
			buildSettings = {
				CODE_SIGN_STYLE = Automatic;
				CURRENT_PROJECT_VERSION = 1;
				GENERATE_INFOPLIST_FILE = YES;
				MARKETING_VERSION = 1.0;
				PRODUCT_BUNDLE_IDENTIFIER = "humber.ca.Quiz-AppUITests";
				PRODUCT_NAME = "$(TARGET_NAME)";
				SWIFT_EMIT_LOC_STRINGS = NO;
				SWIFT_VERSION = 5.0;
				TARGETED_DEVICE_FAMILY = "1,2";
				TEST_TARGET_NAME = "Quiz App";
			};
			name = Debug;
		};
		071159DE2CE6541E00D533B9 /* Release */ = {
			isa = XCBuildConfiguration;
			buildSettings = {
				CODE_SIGN_STYLE = Automatic;
				CURRENT_PROJECT_VERSION = 1;
				GENERATE_INFOPLIST_FILE = YES;
				MARKETING_VERSION = 1.0;
				PRODUCT_BUNDLE_IDENTIFIER = "humber.ca.Quiz-AppUITests";
				PRODUCT_NAME = "$(TARGET_NAME)";
				SWIFT_EMIT_LOC_STRINGS = NO;
				SWIFT_VERSION = 5.0;
				TARGETED_DEVICE_FAMILY = "1,2";
				TEST_TARGET_NAME = "Quiz App";
			};
			name = Release;
		};
/* End XCBuildConfiguration section */

/* Begin XCConfigurationList section */
		071159A62CE6541C00D533B9 /* Build configuration list for PBXProject "Quiz App" */ = {
			isa = XCConfigurationList;
			buildConfigurations = (
				071159D72CE6541E00D533B9 /* Debug */,
				071159D82CE6541E00D533B9 /* Release */,
			);
			defaultConfigurationIsVisible = 0;
			defaultConfigurationName = Release;
		};
		071159D42CE6541E00D533B9 /* Build configuration list for PBXNativeTarget "Quiz App" */ = {
			isa = XCConfigurationList;
			buildConfigurations = (
				071159D52CE6541E00D533B9 /* Debug */,
				071159D62CE6541E00D533B9 /* Release */,
			);
			defaultConfigurationIsVisible = 0;
			defaultConfigurationName = Release;
		};
		071159D92CE6541E00D533B9 /* Build configuration list for PBXNativeTarget "Quiz AppTests" */ = {
			isa = XCConfigurationList;
			buildConfigurations = (
				071159DA2CE6541E00D533B9 /* Debug */,
				071159DB2CE6541E00D533B9 /* Release */,
			);
			defaultConfigurationIsVisible = 0;
			defaultConfigurationName = Release;
		};
		071159DC2CE6541E00D533B9 /* Build configuration list for PBXNativeTarget "Quiz AppUITests" */ = {
			isa = XCConfigurationList;
			buildConfigurations = (
				071159DD2CE6541E00D533B9 /* Debug */,
				071159DE2CE6541E00D533B9 /* Release */,
			);
			defaultConfigurationIsVisible = 0;
			defaultConfigurationName = Release;
		};
/* End XCConfigurationList section */
	};
	rootObject = 071159A32CE6541C00D533B9 /* Project object */;
}
